{
  "nodes": {
    "flake-utils": {
      "inputs": {
        "systems": "systems"
      },
      "locked": {
        "lastModified": 1731533236,
        "narHash": "sha256-l0KFg5HjrsfsO/JpG+r7fRrqm12kzFHyUHqHCVpMMbI=",
        "owner": "numtide",
        "repo": "flake-utils",
        "rev": "11707dc2f618dd54ca8739b309ec4fc024de578b",
        "type": "github"
      },
      "original": {
        "owner": "numtide",
        "repo": "flake-utils",
        "type": "github"
      }
    },
    "keymap-drawer": {
      "flake": false,
      "locked": {
        "lastModified": 1777692885,
        "narHash": "sha256-alCN5F5UZZVUsSXUsFZ/nA57iSNDKCnaOy1VUTEWgYk=",
        "owner": "caksoylar",
        "repo": "keymap-drawer",
        "rev": "3a4ca7e060a54ba700d3e7b6a43cb0b9cec347d2",
        "type": "github"
      },
      "original": {
        "owner": "caksoylar",
        "repo": "keymap-drawer",
        "type": "github"
      }
    },
    "nixpkgs": {
      "locked": {
        "lastModified": 1779560665,
        "narHash": "sha256-tpyBcxPpcQb8ukyNF7DoCwfSY3VPsxHoYwj00Cayv5o=",
        "owner": "nixos",
        "repo": "nixpkgs",
        "rev": "64c08a7ca051951c8eae34e3e3cb1e202fe36786",
        "type": "github"
      },
      "original": {
        "owner": "nixos",
        "ref": "nixos-unstable",
        "repo": "nixpkgs",
        "type": "github"
      }
    },
    "qmk-src": {
      "flake": false,
      "locked": {
        "lastModified": 1779938421,
        "narHash": "sha256-Y30zKlP+wSFwoMmd6o1plseVB3GE1faj9fD/heTMbOE=",
        "ref": "refs/heads/master",
        "rev": "5b630f7a080eedd3e2fad6808b8fb4b497e8a06e",
        "revCount": 29438,
        "submodules": true,
        "type": "git",
        "url": "https://github.com/qmk/qmk_firmware.git"
      },
      "original": {
        "submodules": true,
        "type": "git",
        "url": "https://github.com/qmk/qmk_firmware.git"
      }
    },
    "root": {
      "inputs": {
        "flake-utils": "flake-utils",
        "keymap-drawer": "keymap-drawer",
        "nixpkgs": "nixpkgs",
        "qmk-src": "qmk-src"
      }
    },
    "systems": {
      "locked": {
        "lastModified": 1681028828,
        "narHash": "sha256-Vy1rq5AaRuLzOxct8nz4T6wlgyUR7zLU309k9mBC768=",
        "owner": "nix-systems",
        "repo": "default",
        "rev": "da67096a3b9bf56a91d16901293e51ba5b49a27e",
        "type": "github"
      },
      "original": {
        "owner": "nix-systems",
        "repo": "default",
        "type": "github"
      }
    }
  },
  "root": "root",
  "version": 7
}
